
Microsoft Visual Studio Solution File, Format Version 12.00
# Visual Studio 14
VisualStudioVersion = 14.0.25420.1
MinimumVisualStudioVersion = 10.0.40219.1
Project("{F2A71F9B-5D33-465A-A702-920D77279786}") = "FsToolkit.Json", "FsToolkit.Json\FsToolkit.Json.fsproj", "{C8124BBB-D016-4163-B26E-29FDF4A7FB5B}"
EndProject
Project("{2150E333-8FDC-42A3-9474-1A3956D46DE8}") = "Solution Items", "Solution Items", "{63391FEF-35D9-4170-ABEA-23573849A0E8}"
	ProjectSection(SolutionItems) = preProject
		paket.dependencies = paket.dependencies
		paket.lock = paket.lock
	EndProjectSection
EndProject
Project("{F2A71F9B-5D33-465A-A702-920D77279786}") = "FsToolkit.Json.Tests", "FsToolkit.Json.Tests\FsToolkit.Json.Tests.fsproj", "{B7DB418F-DD7D-46F1-A072-FBD9BBB16889}"
EndProject
Project("{F2A71F9B-5D33-465A-A702-920D77279786}") = "FsToolkit", "FsToolkit\FsToolkit.fsproj", "{A1F7A3DF-CCE0-45EB-9459-0553E9FCAD05}"
EndProject
Global
	GlobalSection(SolutionConfigurationPlatforms) = preSolution
		Debug|Any CPU = Debug|Any CPU
		Release|Any CPU = Release|Any CPU
	EndGlobalSection
	GlobalSection(ProjectConfigurationPlatforms) = postSolution
		{C8124BBB-D016-4163-B26E-29FDF4A7FB5B}.Debug|Any CPU.ActiveCfg = Debug|Any CPU
		{C8124BBB-D016-4163-B26E-29FDF4A7FB5B}.Debug|Any CPU.Build.0 = Debug|Any CPU
		{C8124BBB-D016-4163-B26E-29FDF4A7FB5B}.Release|Any CPU.ActiveCfg = Release|Any CPU
		{C8124BBB-D016-4163-B26E-29FDF4A7FB5B}.Release|Any CPU.Build.0 = Release|Any CPU
		{B7DB418F-DD7D-46F1-A072-FBD9BBB16889}.Debug|Any CPU.ActiveCfg = Debug|Any CPU
		{B7DB418F-DD7D-46F1-A072-FBD9BBB16889}.Debug|Any CPU.Build.0 = Debug|Any CPU
		{B7DB418F-DD7D-46F1-A072-FBD9BBB16889}.Release|Any CPU.ActiveCfg = Release|Any CPU
		{B7DB418F-DD7D-46F1-A072-FBD9BBB16889}.Release|Any CPU.Build.0 = Release|Any CPU
		{A1F7A3DF-CCE0-45EB-9459-0553E9FCAD05}.Debug|Any CPU.ActiveCfg = Debug|Any CPU
		{A1F7A3DF-CCE0-45EB-9459-0553E9FCAD05}.Debug|Any CPU.Build.0 = Debug|Any CPU
		{A1F7A3DF-CCE0-45EB-9459-0553E9FCAD05}.Release|Any CPU.ActiveCfg = Release|Any CPU
		{A1F7A3DF-CCE0-45EB-9459-0553E9FCAD05}.Release|Any CPU.Build.0 = Release|Any CPU
	EndGlobalSection
	GlobalSection(SolutionProperties) = preSolution
		HideSolutionNode = FALSE
	EndGlobalSection
EndGlobal
