
Microsoft Visual Studio Solution File, Format Version 12.00
# Visual Studio 15
VisualStudioVersion = 15.0.28307.271
MinimumVisualStudioVersion = 10.0.40219.1
Project("{2150E333-8FDC-42A3-9474-1A3956D46DE8}") = "Solution Items", "Solution Items", "{63391FEF-35D9-4170-ABEA-23573849A0E8}"
	ProjectSection(SolutionItems) = preProject
		paket.dependencies = paket.dependencies
		paket.lock = paket.lock
	EndProjectSection
EndProject
Project("{6EC3EE1D-3C4E-46DD-8F32-0CC8E7565705}") = "FsToolkit", "FsToolkit\FsToolkit.fsproj", "{9FD69053-90C4-42D6-BF27-9F282EE3F50A}"
EndProject
Project("{F2A71F9B-5D33-465A-A702-920D77279786}") = "FsToolkit.Json", "FsToolkit.Json\FsToolkit.Json.fsproj", "{A286533A-0CD8-4C3E-82B2-2EAD823A8D76}"
EndProject
Project("{F2A71F9B-5D33-465A-A702-920D77279786}") = "FsToolkit.Http", "FsToolkit.Http\FsToolkit.Http.fsproj", "{B626E3F4-0B63-4ED6-A727-A3A633237738}"
EndProject
Global
	GlobalSection(SolutionConfigurationPlatforms) = preSolution
		Debug|Any CPU = Debug|Any CPU
		Release|Any CPU = Release|Any CPU
	EndGlobalSection
	GlobalSection(ProjectConfigurationPlatforms) = postSolution
		{9FD69053-90C4-42D6-BF27-9F282EE3F50A}.Debug|Any CPU.ActiveCfg = Debug|Any CPU
		{9FD69053-90C4-42D6-BF27-9F282EE3F50A}.Debug|Any CPU.Build.0 = Debug|Any CPU
		{9FD69053-90C4-42D6-BF27-9F282EE3F50A}.Release|Any CPU.ActiveCfg = Release|Any CPU
		{9FD69053-90C4-42D6-BF27-9F282EE3F50A}.Release|Any CPU.Build.0 = Release|Any CPU
		{A286533A-0CD8-4C3E-82B2-2EAD823A8D76}.Debug|Any CPU.ActiveCfg = Debug|Any CPU
		{A286533A-0CD8-4C3E-82B2-2EAD823A8D76}.Debug|Any CPU.Build.0 = Debug|Any CPU
		{A286533A-0CD8-4C3E-82B2-2EAD823A8D76}.Release|Any CPU.ActiveCfg = Release|Any CPU
		{A286533A-0CD8-4C3E-82B2-2EAD823A8D76}.Release|Any CPU.Build.0 = Release|Any CPU
		{B626E3F4-0B63-4ED6-A727-A3A633237738}.Debug|Any CPU.ActiveCfg = Debug|Any CPU
		{B626E3F4-0B63-4ED6-A727-A3A633237738}.Debug|Any CPU.Build.0 = Debug|Any CPU
		{B626E3F4-0B63-4ED6-A727-A3A633237738}.Release|Any CPU.ActiveCfg = Release|Any CPU
		{B626E3F4-0B63-4ED6-A727-A3A633237738}.Release|Any CPU.Build.0 = Release|Any CPU
	EndGlobalSection
	GlobalSection(SolutionProperties) = preSolution
		HideSolutionNode = FALSE
	EndGlobalSection
	GlobalSection(ExtensibilityGlobals) = postSolution
		SolutionGuid = {A0BCB3A2-26D7-416C-A9FD-8F85E18BA8CF}
	EndGlobalSection
EndGlobal
